
Microsoft Visual Studio Solution File, Format Version 12.00
# Visual Studio Version 17
VisualStudioVersion = 17.5.002.0
MinimumVisualStudioVersion = 10.0.40219.1
Project("{9A19103F-16F7-4668-BE54-9A1E7A4F7556}") = "new_string_array", "new_string_array\new_string_array.csproj", "{0BC9BA9C-3249-4E09-BBEC-872E03709495}"
EndProject
Global
	GlobalSection(SolutionConfigurationPlatforms) = preSolution
		Debug|Any CPU = Debug|Any CPU
		Release|Any CPU = Release|Any CPU
	EndGlobalSection
	GlobalSection(ProjectConfigurationPlatforms) = postSolution
		{0BC9BA9C-3249-4E09-BBEC-872E03709495}.Debug|Any CPU.ActiveCfg = Debug|Any CPU
		{0BC9BA9C-3249-4E09-BBEC-872E03709495}.Debug|Any CPU.Build.0 = Debug|Any CPU
		{0BC9BA9C-3249-4E09-BBEC-872E03709495}.Release|Any CPU.ActiveCfg = Release|Any CPU
		{0BC9BA9C-3249-4E09-BBEC-872E03709495}.Release|Any CPU.Build.0 = Release|Any CPU
	EndGlobalSection
	GlobalSection(SolutionProperties) = preSolution
		HideSolutionNode = FALSE
	EndGlobalSection
	GlobalSection(ExtensibilityGlobals) = postSolution
		SolutionGuid = {5861AD4D-F025-4258-9AF6-98950B343FA6}
	EndGlobalSection
EndGlobal
